<?xml version="1.0" encoding="utf-8"?>
<Project ToolsVersion="4.0" xmlns="http://schemas.microsoft.com/developer/msbuild/2003">
  <ItemGroup>
    <Filter Include="Cプラ ファイル">
      <UniqueIdentifier>{6A9352EE-253C-4F49-AEBF-268B48F7B0A7}</UniqueIdentifier>
      <Extensions>cpp;h;hpp</Extensions>
    </Filter>
    <Filter Include="シェーダ ファイル">
      <UniqueIdentifier>{F80802E7-E942-455F-AD93-27AB6B2B9A37}</UniqueIdentifier>
      <Extensions>hlsl;hlsli</Extensions>
    </Filter>
    <Filter Include="ソース ファイル">
      <UniqueIdentifier>{4FC737F1-C7A5-4376-A066-2A32D752A2FF}</UniqueIdentifier>
      <Extensions>c;cc;cxx;c++;cppm;ixx;def;odl;idl;hpj;bat;asm;asmx</Extensions>
    </Filter>
    <Filter Include="ヘッダー ファイル">
      <UniqueIdentifier>{93995380-89BD-4b04-88EB-625FBE52EBFB}</UniqueIdentifier>
      <Extensions>hh;hxx;h++;hm;inl;inc;ipp;xsd</Extensions>
    </Filter>
    <Filter Include="リソース ファイル">
      <UniqueIdentifier>{67DA6AB6-F800-4c08-8B7A-83BB121AAD01}</UniqueIdentifier>
      <Extensions>rc;ico;cur;bmp;dlg;rc2;rct;bin;rgs;gif;jpg;jpeg;jpe;resx;tiff;tif;png;wav;mfcribbon-ms</Extensions>
    </Filter>
  </ItemGroup>
  <ItemGroup>
    <ResourceCompile Include="MyFirstGame.rc">
      <Filter>リソース ファイル</Filter>
    </ResourceCompile>
  </ItemGroup>
  <ItemGroup>
    <Image Include="small.ico">
      <Filter>リソース ファイル</Filter>
    </Image>
    <Image Include="MyFirstGame.ico">
      <Filter>リソース ファイル</Filter>
    </Image>
  </ItemGroup>
  <ItemGroup>
    <FxCompile Include="FbxModel.hlsl">
      <Filter>シェーダ ファイル</Filter>
    </FxCompile>
    <FxCompile Include="Simple3D.hlsl">
      <Filter>シェーダ ファイル</Filter>
    </FxCompile>
    <FxCompile Include="Simple2D.hlsl">
      <Filter>シェーダ ファイル</Filter>
    </FxCompile>
  </ItemGroup>
  <ItemGroup>
    <None Include="packages.config" />
  </ItemGroup>
  <ItemGroup>
    <ClCompile Include="Camera.cpp">
      <Filter>Cプラ ファイル</Filter>
    </ClCompile>
    <ClCompile Include="Cube.cpp">
      <Filter>Cプラ ファイル</Filter>
    </ClCompile>
    <ClCompile Include="Direct3D.cpp">
      <Filter>Cプラ ファイル</Filter>
    </ClCompile>
    <ClCompile Include="Fbx.cpp">
      <Filter>Cプラ ファイル</Filter>
    </ClCompile>
    <ClCompile Include="MyFirstGame.cpp">
      <Filter>Cプラ ファイル</Filter>
    </ClCompile>
    <ClCompile Include="Quad.cpp">
      <Filter>Cプラ ファイル</Filter>
    </ClCompile>
    <ClCompile Include="Sprite2D.cpp">
      <Filter>Cプラ ファイル</Filter>
    </ClCompile>
    <ClCompile Include="Texture.cpp">
      <Filter>Cプラ ファイル</Filter>
    </ClCompile>
    <ClCompile Include="Transform.cpp">
      <Filter>Cプラ ファイル</Filter>
    </ClCompile>
    <ClCompile Include="Input.cpp">
      <Filter>Cプラ ファイル</Filter>
    </ClCompile>
  </ItemGroup>
  <ItemGroup>
    <ClInclude Include="Camera.h">
      <Filter>Cプラ ファイル</Filter>
    </ClInclude>
    <ClInclude Include="Cube.h">
      <Filter>Cプラ ファイル</Filter>
    </ClInclude>
    <ClInclude Include="Direct3D.h">
      <Filter>Cプラ ファイル</Filter>
    </ClInclude>
    <ClInclude Include="Fbx.h">
      <Filter>Cプラ ファイル</Filter>
    </ClInclude>
    <ClInclude Include="framework.h">
      <Filter>Cプラ ファイル</Filter>
    </ClInclude>
    <ClInclude Include="MyFirstGame.h">
      <Filter>Cプラ ファイル</Filter>
    </ClInclude>
    <ClInclude Include="Quad.h">
      <Filter>Cプラ ファイル</Filter>
    </ClInclude>
    <ClInclude Include="Transform.h">
      <Filter>Cプラ ファイル</Filter>
    </ClInclude>
    <ClInclude Include="Utility.h">
      <Filter>Cプラ ファイル</Filter>
    </ClInclude>
    <ClInclude Include="Resource.h">
      <Filter>Cプラ ファイル</Filter>
    </ClInclude>
    <ClInclude Include="Sprite2D.h">
      <Filter>Cプラ ファイル</Filter>
    </ClInclude>
    <ClInclude Include="targetver.h">
      <Filter>Cプラ ファイル</Filter>
    </ClInclude>
    <ClInclude Include="Texture.h">
      <Filter>Cプラ ファイル</Filter>
    </ClInclude>
    <ClInclude Include="Input.h">
      <Filter>Cプラ ファイル</Filter>
    </ClInclude>
  </ItemGroup>
</Project>